
Microsoft Visual Studio Solution File, Format Version 12.00
# Visual Studio Version 17
VisualStudioVersion = 17.5.2.0
MinimumVisualStudioVersion = 10.0.40219.1
Project("{FAE04EC0-301F-11D3-BF4B-00C04F79EFBC}") = "VacacionesApi", "VacacionesApi\VacacionesApi.csproj", "{F5A9273B-4833-6176-30A5-9534C4D65570}"
EndProject
Global
	GlobalSection(SolutionConfigurationPlatforms) = preSolution
		Debug|Any CPU = Debug|Any CPU
		Debug|x64 = Debug|x64
		Debug|x86 = Debug|x86
		Release|Any CPU = Release|Any CPU
		Release|x64 = Release|x64
		Release|x86 = Release|x86
	EndGlobalSection
	GlobalSection(ProjectConfigurationPlatforms) = postSolution
		{F5A9273B-4833-6176-30A5-9534C4D65570}.Debug|Any CPU.ActiveCfg = Debug|Any CPU
		{F5A9273B-4833-6176-30A5-9534C4D65570}.Debug|Any CPU.Build.0 = Debug|Any CPU
		{F5A9273B-4833-6176-30A5-9534C4D65570}.Debug|x64.ActiveCfg = Debug|Any CPU
		{F5A9273B-4833-6176-30A5-9534C4D65570}.Debug|x64.Build.0 = Debug|Any CPU
		{F5A9273B-4833-6176-30A5-9534C4D65570}.Debug|x86.ActiveCfg = Debug|Any CPU
		{F5A9273B-4833-6176-30A5-9534C4D65570}.Debug|x86.Build.0 = Debug|Any CPU
		{F5A9273B-4833-6176-30A5-9534C4D65570}.Release|Any CPU.ActiveCfg = Release|Any CPU
		{F5A9273B-4833-6176-30A5-9534C4D65570}.Release|Any CPU.Build.0 = Release|Any CPU
		{F5A9273B-4833-6176-30A5-9534C4D65570}.Release|x64.ActiveCfg = Release|Any CPU
		{F5A9273B-4833-6176-30A5-9534C4D65570}.Release|x64.Build.0 = Release|Any CPU
		{F5A9273B-4833-6176-30A5-9534C4D65570}.Release|x86.ActiveCfg = Release|Any CPU
		{F5A9273B-4833-6176-30A5-9534C4D65570}.Release|x86.Build.0 = Release|Any CPU
	EndGlobalSection
	GlobalSection(SolutionProperties) = preSolution
		HideSolutionNode = FALSE
	EndGlobalSection
	GlobalSection(ExtensibilityGlobals) = postSolution
		SolutionGuid = {72E87C76-564D-4A41-A333-07C862BFCB19}
	EndGlobalSection
EndGlobal
